
Microsoft Visual Studio Solution File, Format Version 12.00
# Visual Studio Version 16
VisualStudioVersion = 16.0.30104.148
MinimumVisualStudioVersion = 10.0.40219.1
Project("{FAE04EC0-301F-11D3-BF4B-00C04F79EFBC}") = "2.1.1 Custom string", "2.1.1 Custom string.csproj", "{1E650307-684B-4167-9282-996EE23FAF29}"
EndProject
Global
	GlobalSection(SolutionConfigurationPlatforms) = preSolution
		Debug|Any CPU = Debug|Any CPU
		Release|Any CPU = Release|Any CPU
	EndGlobalSection
	GlobalSection(ProjectConfigurationPlatforms) = postSolution
		{1E650307-684B-4167-9282-996EE23FAF29}.Debug|Any CPU.ActiveCfg = Debug|Any CPU
		{1E650307-684B-4167-9282-996EE23FAF29}.Debug|Any CPU.Build.0 = Debug|Any CPU
		{1E650307-684B-4167-9282-996EE23FAF29}.Release|Any CPU.ActiveCfg = Release|Any CPU
		{1E650307-684B-4167-9282-996EE23FAF29}.Release|Any CPU.Build.0 = Release|Any CPU
	EndGlobalSection
	GlobalSection(SolutionProperties) = preSolution
		HideSolutionNode = FALSE
	EndGlobalSection
	GlobalSection(ExtensibilityGlobals) = postSolution
		SolutionGuid = {978C689D-1418-43B7-9BBB-2A112F6CB21A}
	EndGlobalSection
EndGlobal
