
Microsoft Visual Studio Solution File, Format Version 12.00
# Visual Studio Version 16
VisualStudioVersion = 16.0.30204.135
MinimumVisualStudioVersion = 10.0.40219.1
Project("{FAE04EC0-301F-11D3-BF4B-00C04F79EFBC}") = "2.2.1 Game", "2.2.1 Game.csproj", "{DF1F4005-719E-4971-B5E9-612232A74B94}"
EndProject
Global
	GlobalSection(SolutionConfigurationPlatforms) = preSolution
		Debug|Any CPU = Debug|Any CPU
		Release|Any CPU = Release|Any CPU
	EndGlobalSection
	GlobalSection(ProjectConfigurationPlatforms) = postSolution
		{DF1F4005-719E-4971-B5E9-612232A74B94}.Debug|Any CPU.ActiveCfg = Debug|Any CPU
		{DF1F4005-719E-4971-B5E9-612232A74B94}.Debug|Any CPU.Build.0 = Debug|Any CPU
		{DF1F4005-719E-4971-B5E9-612232A74B94}.Release|Any CPU.ActiveCfg = Release|Any CPU
		{DF1F4005-719E-4971-B5E9-612232A74B94}.Release|Any CPU.Build.0 = Release|Any CPU
	EndGlobalSection
	GlobalSection(SolutionProperties) = preSolution
		HideSolutionNode = FALSE
	EndGlobalSection
	GlobalSection(ExtensibilityGlobals) = postSolution
		SolutionGuid = {3B6F2348-7CAC-40C7-9F88-19E88069B466}
	EndGlobalSection
EndGlobal
