
Microsoft Visual Studio Solution File, Format Version 12.00
# Visual Studio Version 16
VisualStudioVersion = 16.0.30204.135
MinimumVisualStudioVersion = 10.0.40219.1
Project("{FAE04EC0-301F-11D3-BF4B-00C04F79EFBC}") = "3.3.3 Piza Time", "3.3.3 Piza Time.csproj", "{51021449-CD3F-46FA-BC3B-401694CADDDA}"
EndProject
Global
	GlobalSection(SolutionConfigurationPlatforms) = preSolution
		Debug|Any CPU = Debug|Any CPU
		Release|Any CPU = Release|Any CPU
	EndGlobalSection
	GlobalSection(ProjectConfigurationPlatforms) = postSolution
		{51021449-CD3F-46FA-BC3B-401694CADDDA}.Debug|Any CPU.ActiveCfg = Debug|Any CPU
		{51021449-CD3F-46FA-BC3B-401694CADDDA}.Debug|Any CPU.Build.0 = Debug|Any CPU
		{51021449-CD3F-46FA-BC3B-401694CADDDA}.Release|Any CPU.ActiveCfg = Release|Any CPU
		{51021449-CD3F-46FA-BC3B-401694CADDDA}.Release|Any CPU.Build.0 = Release|Any CPU
	EndGlobalSection
	GlobalSection(SolutionProperties) = preSolution
		HideSolutionNode = FALSE
	EndGlobalSection
	GlobalSection(ExtensibilityGlobals) = postSolution
		SolutionGuid = {A843F212-F0AA-41A1-9FFA-C9834EA8B073}
	EndGlobalSection
EndGlobal
