
Microsoft Visual Studio Solution File, Format Version 12.00
# Visual Studio Version 16
VisualStudioVersion = 16.0.30204.135
MinimumVisualStudioVersion = 10.0.40219.1
Project("{FAE04EC0-301F-11D3-BF4B-00C04F79EFBC}") = "3.2.1 Dynamic array", "3.2.1 Dynamic array.csproj", "{EBF91ED9-EABD-4F14-B984-7D7AFA70D79D}"
EndProject
Global
	GlobalSection(SolutionConfigurationPlatforms) = preSolution
		Debug|Any CPU = Debug|Any CPU
		Release|Any CPU = Release|Any CPU
	EndGlobalSection
	GlobalSection(ProjectConfigurationPlatforms) = postSolution
		{EBF91ED9-EABD-4F14-B984-7D7AFA70D79D}.Debug|Any CPU.ActiveCfg = Debug|Any CPU
		{EBF91ED9-EABD-4F14-B984-7D7AFA70D79D}.Debug|Any CPU.Build.0 = Debug|Any CPU
		{EBF91ED9-EABD-4F14-B984-7D7AFA70D79D}.Release|Any CPU.ActiveCfg = Release|Any CPU
		{EBF91ED9-EABD-4F14-B984-7D7AFA70D79D}.Release|Any CPU.Build.0 = Release|Any CPU
	EndGlobalSection
	GlobalSection(SolutionProperties) = preSolution
		HideSolutionNode = FALSE
	EndGlobalSection
	GlobalSection(ExtensibilityGlobals) = postSolution
		SolutionGuid = {AB26272A-0E1C-4D16-9DD1-1909B127CF43}
	EndGlobalSection
EndGlobal
